// !$*UTF8*$!
{
	archiveVersion = 1;
	classes = {
	};
	objectVersion = 46;
	objects = {

/* Begin PBXBuildFile section */
		729DCE0D1E37FBB000218A62 /* AppDelegate.swift in Sources */ = {isa = PBXBuildFile; fileRef = 729DCDFC1E37FBB000218A62 /* AppDelegate.swift */; };
		729DCE0E1E37FBB000218A62 /* Assets.xcassets in Resources */ = {isa = PBXBuildFile; fileRef = 729DCDFD1E37FBB000218A62 /* Assets.xcassets */; };
		729DCE0F1E37FBB000218A62 /* LaunchScreen.storyboard in Resources */ = {isa = PBXBuildFile; fileRef = 729DCDFE1E37FBB000218A62 /* LaunchScreen.storyboard */; };
		729DCE111E37FBB000218A62 /* HomeController.swift in Sources */ = {isa = PBXBuildFile; fileRef = 729DCE021E37FBB000218A62 /* HomeController.swift */; };
		729DCE161E37FBB000218A62 /* JarvisServices.swift in Sources */ = {isa = PBXBuildFile; fileRef = 729DCE071E37FBB000218A62 /* JarvisServices.swift */; };
		72D5C6D61E92F1510090DFB6 /* HomeController+speech.swift in Sources */ = {isa = PBXBuildFile; fileRef = 72D5C6D51E92F1510090DFB6 /* HomeController+speech.swift */; };
		D427033922B737FB28424FD0 /* Pods_Jarvis_ios.framework in Frameworks */ = {isa = PBXBuildFile; fileRef = 87D22E1DED68856656E3D1EB /* Pods_Jarvis_ios.framework */; };
/* End PBXBuildFile section */

/* Begin PBXFileReference section */
		723CD2C41E0BA03F00D3E2C8 /* Jarvis-ios.app */ = {isa = PBXFileReference; explicitFileType = wrapper.application; includeInIndex = 0; path = "Jarvis-ios.app"; sourceTree = BUILT_PRODUCTS_DIR; };
		729DCDFC1E37FBB000218A62 /* AppDelegate.swift */ = {isa = PBXFileReference; fileEncoding = 4; lastKnownFileType = sourcecode.swift; path = AppDelegate.swift; sourceTree = "<group>"; };
		729DCDFD1E37FBB000218A62 /* Assets.xcassets */ = {isa = PBXFileReference; lastKnownFileType = folder.assetcatalog; path = Assets.xcassets; sourceTree = "<group>"; };
		729DCDFF1E37FBB000218A62 /* Base */ = {isa = PBXFileReference; lastKnownFileType = file.storyboard; name = Base; path = Base.lproj/LaunchScreen.storyboard; sourceTree = "<group>"; };
		729DCE021E37FBB000218A62 /* HomeController.swift */ = {isa = PBXFileReference; fileEncoding = 4; lastKnownFileType = sourcecode.swift; path = HomeController.swift; sourceTree = "<group>"; };
		729DCE031E37FBB000218A62 /* Info.plist */ = {isa = PBXFileReference; fileEncoding = 4; lastKnownFileType = text.plist.xml; path = Info.plist; sourceTree = "<group>"; };
		729DCE071E37FBB000218A62 /* JarvisServices.swift */ = {isa = PBXFileReference; fileEncoding = 4; lastKnownFileType = sourcecode.swift; path = JarvisServices.swift; sourceTree = "<group>"; };
		72D5C6D51E92F1510090DFB6 /* HomeController+speech.swift */ = {isa = PBXFileReference; fileEncoding = 4; lastKnownFileType = sourcecode.swift; path = "HomeController+speech.swift"; sourceTree = "<group>"; };
		87D22E1DED68856656E3D1EB /* Pods_Jarvis_ios.framework */ = {isa = PBXFileReference; explicitFileType = wrapper.framework; includeInIndex = 0; path = Pods_Jarvis_ios.framework; sourceTree = BUILT_PRODUCTS_DIR; };
		CB9395BBA1E7D244C3EED8D7 /* Pods-Jarvis-ios.prod.xcconfig */ = {isa = PBXFileReference; includeInIndex = 1; lastKnownFileType = text.xcconfig; name = "Pods-Jarvis-ios.prod.xcconfig"; path = "Pods/Target Support Files/Pods-Jarvis-ios/Pods-Jarvis-ios.prod.xcconfig"; sourceTree = "<group>"; };
/* End PBXFileReference section */

/* Begin PBXFrameworksBuildPhase section */
		723CD2C11E0BA03F00D3E2C8 /* Frameworks */ = {
			isa = PBXFrameworksBuildPhase;
			buildActionMask = 2147483647;
			files = (
				D427033922B737FB28424FD0 /* Pods_Jarvis_ios.framework in Frameworks */,
			);
			runOnlyForDeploymentPostprocessing = 0;
		};
/* End PBXFrameworksBuildPhase section */

/* Begin PBXGroup section */
		723CD2BB1E0BA03F00D3E2C8 = {
			isa = PBXGroup;
			children = (
				729DCDFB1E37FBB000218A62 /* Jarvis-ios */,
				723CD2C51E0BA03F00D3E2C8 /* Products */,
				D7D4D81AFA92BC1C7FF2E38D /* Pods */,
				FFF593405C9DD60AF6B43B6B /* Frameworks */,
			);
			sourceTree = "<group>";
		};
		723CD2C51E0BA03F00D3E2C8 /* Products */ = {
			isa = PBXGroup;
			children = (
				723CD2C41E0BA03F00D3E2C8 /* Jarvis-ios.app */,
			);
			name = Products;
			sourceTree = "<group>";
		};
		726A1E041E9250F800D0B356 /* Service */ = {
			isa = PBXGroup;
			children = (
				729DCE071E37FBB000218A62 /* JarvisServices.swift */,
			);
			name = Service;
			sourceTree = "<group>";
		};
		726A1E051E92510200D0B356 /* Controllers */ = {
			isa = PBXGroup;
			children = (
				729DCE021E37FBB000218A62 /* HomeController.swift */,
				72D5C6D51E92F1510090DFB6 /* HomeController+speech.swift */,
			);
			name = Controllers;
			sourceTree = "<group>";
		};
		729DCDFB1E37FBB000218A62 /* Jarvis-ios */ = {
			isa = PBXGroup;
			children = (
				726A1E051E92510200D0B356 /* Controllers */,
				726A1E041E9250F800D0B356 /* Service */,
				729DCDFC1E37FBB000218A62 /* AppDelegate.swift */,
				729DCDFD1E37FBB000218A62 /* Assets.xcassets */,
				729DCDFE1E37FBB000218A62 /* LaunchScreen.storyboard */,
				729DCE031E37FBB000218A62 /* Info.plist */,
			);
			path = "Jarvis-ios";
			sourceTree = "<group>";
		};
		D7D4D81AFA92BC1C7FF2E38D /* Pods */ = {
			isa = PBXGroup;
			children = (
				CB9395BBA1E7D244C3EED8D7 /* Pods-Jarvis-ios.prod.xcconfig */,
			);
			name = Pods;
			sourceTree = "<group>";
		};
		FFF593405C9DD60AF6B43B6B /* Frameworks */ = {
			isa = PBXGroup;
			children = (
				87D22E1DED68856656E3D1EB /* Pods_Jarvis_ios.framework */,
			);
			name = Frameworks;
			sourceTree = "<group>";
		};
/* End PBXGroup section */

/* Begin PBXNativeTarget section */
		723CD2C31E0BA03F00D3E2C8 /* Jarvis-ios */ = {
			isa = PBXNativeTarget;
			buildConfigurationList = 723CD2D81E0BA03F00D3E2C8 /* Build configuration list for PBXNativeTarget "Jarvis-ios" */;
			buildPhases = (
				0231E63947AD92A3942C1A35 /* [CP] Check Pods Manifest.lock */,
				723CD2C01E0BA03F00D3E2C8 /* Sources */,
				723CD2C11E0BA03F00D3E2C8 /* Frameworks */,
				723CD2C21E0BA03F00D3E2C8 /* Resources */,
				F0D0A1A997E0F35524D6E323 /* [CP] Embed Pods Frameworks */,
				2DDC28CF33370EBFB4E39045 /* [CP] Copy Pods Resources */,
			);
			buildRules = (
			);
			dependencies = (
			);
			name = "Jarvis-ios";
			productName = "Bakery Jarvis";
			productReference = 723CD2C41E0BA03F00D3E2C8 /* Jarvis-ios.app */;
			productType = "com.apple.product-type.application";
		};
/* End PBXNativeTarget section */

/* Begin PBXProject section */
		723CD2BC1E0BA03F00D3E2C8 /* Project object */ = {
			isa = PBXProject;
			attributes = {
				LastSwiftUpdateCheck = 0820;
				LastUpgradeCheck = 0830;
				ORGANIZATIONNAME = "Manvinder Sodhi";
				TargetAttributes = {
					723CD2C31E0BA03F00D3E2C8 = {
						CreatedOnToolsVersion = 8.2;
						DevelopmentTeam = 5CJ4GC88WR;
						ProvisioningStyle = Automatic;
					};
				};
			};
			buildConfigurationList = 723CD2BF1E0BA03F00D3E2C8 /* Build configuration list for PBXProject "Jarvis-ios" */;
			compatibilityVersion = "Xcode 3.2";
			developmentRegion = English;
			hasScannedForEncodings = 0;
			knownRegions = (
				en,
				Base,
			);
			mainGroup = 723CD2BB1E0BA03F00D3E2C8;
			productRefGroup = 723CD2C51E0BA03F00D3E2C8 /* Products */;
			projectDirPath = "";
			projectRoot = "";
			targets = (
				723CD2C31E0BA03F00D3E2C8 /* Jarvis-ios */,
			);
		};
/* End PBXProject section */

/* Begin PBXResourcesBuildPhase section */
		723CD2C21E0BA03F00D3E2C8 /* Resources */ = {
			isa = PBXResourcesBuildPhase;
			buildActionMask = 2147483647;
			files = (
				729DCE0E1E37FBB000218A62 /* Assets.xcassets in Resources */,
				729DCE0F1E37FBB000218A62 /* LaunchScreen.storyboard in Resources */,
			);
			runOnlyForDeploymentPostprocessing = 0;
		};
/* End PBXResourcesBuildPhase section */

/* Begin PBXShellScriptBuildPhase section */
		0231E63947AD92A3942C1A35 /* [CP] Check Pods Manifest.lock */ = {
			isa = PBXShellScriptBuildPhase;
			buildActionMask = 2147483647;
			files = (
			);
			inputPaths = (
			);
			name = "[CP] Check Pods Manifest.lock";
			outputPaths = (
			);
			runOnlyForDeploymentPostprocessing = 0;
			shellPath = /bin/sh;
			shellScript = "diff \"${PODS_ROOT}/../Podfile.lock\" \"${PODS_ROOT}/Manifest.lock\" > /dev/null\nif [ $? != 0 ] ; then\n    # print error to STDERR\n    echo \"error: The sandbox is not in sync with the Podfile.lock. Run 'pod install' or update your CocoaPods installation.\" >&2\n    exit 1\nfi\n";
			showEnvVarsInLog = 0;
		};
		2DDC28CF33370EBFB4E39045 /* [CP] Copy Pods Resources */ = {
			isa = PBXShellScriptBuildPhase;
			buildActionMask = 2147483647;
			files = (
			);
			inputPaths = (
			);
			name = "[CP] Copy Pods Resources";
			outputPaths = (
			);
			runOnlyForDeploymentPostprocessing = 0;
			shellPath = /bin/sh;
			shellScript = "\"${SRCROOT}/Pods/Target Support Files/Pods-Jarvis-ios/Pods-Jarvis-ios-resources.sh\"\n";
			showEnvVarsInLog = 0;
		};
		F0D0A1A997E0F35524D6E323 /* [CP] Embed Pods Frameworks */ = {
			isa = PBXShellScriptBuildPhase;
			buildActionMask = 2147483647;
			files = (
			);
			inputPaths = (
			);
			name = "[CP] Embed Pods Frameworks";
			outputPaths = (
			);
			runOnlyForDeploymentPostprocessing = 0;
			shellPath = /bin/sh;
			shellScript = "\"${SRCROOT}/Pods/Target Support Files/Pods-Jarvis-ios/Pods-Jarvis-ios-frameworks.sh\"\n";
			showEnvVarsInLog = 0;
		};
/* End PBXShellScriptBuildPhase section */

/* Begin PBXSourcesBuildPhase section */
		723CD2C01E0BA03F00D3E2C8 /* Sources */ = {
			isa = PBXSourcesBuildPhase;
			buildActionMask = 2147483647;
			files = (
				729DCE161E37FBB000218A62 /* JarvisServices.swift in Sources */,
				729DCE0D1E37FBB000218A62 /* AppDelegate.swift in Sources */,
				72D5C6D61E92F1510090DFB6 /* HomeController+speech.swift in Sources */,
				729DCE111E37FBB000218A62 /* HomeController.swift in Sources */,
			);
			runOnlyForDeploymentPostprocessing = 0;
		};
/* End PBXSourcesBuildPhase section */

/* Begin PBXVariantGroup section */
		729DCDFE1E37FBB000218A62 /* LaunchScreen.storyboard */ = {
			isa = PBXVariantGroup;
			children = (
				729DCDFF1E37FBB000218A62 /* Base */,
			);
			name = LaunchScreen.storyboard;
			sourceTree = "<group>";
		};
/* End PBXVariantGroup section */

/* Begin XCBuildConfiguration section */
		7207DA751E0CF8960025164F /* Prod */ = {
			isa = XCBuildConfiguration;
			buildSettings = {
				ALWAYS_SEARCH_USER_PATHS = NO;
				CLANG_ANALYZER_NONNULL = YES;
				CLANG_CXX_LANGUAGE_STANDARD = "gnu++0x";
				CLANG_CXX_LIBRARY = "libc++";
				CLANG_ENABLE_MODULES = YES;
				CLANG_ENABLE_OBJC_ARC = YES;
				CLANG_WARN_BOOL_CONVERSION = YES;
				CLANG_WARN_CONSTANT_CONVERSION = YES;
				CLANG_WARN_DIRECT_OBJC_ISA_USAGE = YES_ERROR;
				CLANG_WARN_DOCUMENTATION_COMMENTS = YES;
				CLANG_WARN_EMPTY_BODY = YES;
				CLANG_WARN_ENUM_CONVERSION = YES;
				CLANG_WARN_INFINITE_RECURSION = YES;
				CLANG_WARN_INT_CONVERSION = YES;
				CLANG_WARN_OBJC_ROOT_CLASS = YES_ERROR;
				CLANG_WARN_SUSPICIOUS_MOVE = YES;
				CLANG_WARN_UNREACHABLE_CODE = YES;
				CLANG_WARN__DUPLICATE_METHOD_MATCH = YES;
				"CODE_SIGN_IDENTITY[sdk=iphoneos*]" = "iPhone Developer";
				COPY_PHASE_STRIP = NO;
				DEBUG_INFORMATION_FORMAT = "dwarf-with-dsym";
				ENABLE_NS_ASSERTIONS = NO;
				ENABLE_STRICT_OBJC_MSGSEND = YES;
				GCC_C_LANGUAGE_STANDARD = gnu99;
				GCC_NO_COMMON_BLOCKS = YES;
				GCC_WARN_64_TO_32_BIT_CONVERSION = YES;
				GCC_WARN_ABOUT_RETURN_TYPE = YES_ERROR;
				GCC_WARN_UNDECLARED_SELECTOR = YES;
				GCC_WARN_UNINITIALIZED_AUTOS = YES_AGGRESSIVE;
				GCC_WARN_UNUSED_FUNCTION = YES;
				GCC_WARN_UNUSED_VARIABLE = YES;
				IPHONEOS_DEPLOYMENT_TARGET = 10.2;
				MTL_ENABLE_DEBUG_INFO = NO;
				ONLY_ACTIVE_ARCH = YES;
				SDKROOT = iphoneos;
				SWIFT_OPTIMIZATION_LEVEL = "-Owholemodule";
				VALIDATE_PRODUCT = YES;
			};
			name = Prod;
		};
		7207DA761E0CF8960025164F /* Prod */ = {
			isa = XCBuildConfiguration;
			baseConfigurationReference = CB9395BBA1E7D244C3EED8D7 /* Pods-Jarvis-ios.prod.xcconfig */;
			buildSettings = {
				ALWAYS_EMBED_SWIFT_STANDARD_LIBRARIES = YES;
				ASSETCATALOG_COMPILER_APPICON_NAME = AppIcon;
				DEVELOPMENT_TEAM = 5CJ4GC88WR;
				INFOPLIST_FILE = "Jarvis-ios/Info.plist";
				LD_RUNPATH_SEARCH_PATHS = "$(inherited) @executable_path/Frameworks";
				PRODUCT_BUNDLE_IDENTIFIER = "Manvinder-Sodhi.Jarvis-ios";
				PRODUCT_NAME = "$(TARGET_NAME)";
				SWIFT_VERSION = 3.0;
			};
			name = Prod;
		};
		723CD2D61E0BA03F00D3E2C8 /* Debug */ = {
			isa = XCBuildConfiguration;
			buildSettings = {
				ALWAYS_SEARCH_USER_PATHS = NO;
				CLANG_ANALYZER_NONNULL = YES;
				CLANG_CXX_LANGUAGE_STANDARD = "gnu++0x";
				CLANG_CXX_LIBRARY = "libc++";
				CLANG_ENABLE_MODULES = YES;
				CLANG_ENABLE_OBJC_ARC = YES;
				CLANG_WARN_BOOL_CONVERSION = YES;
				CLANG_WARN_CONSTANT_CONVERSION = YES;
				CLANG_WARN_DIRECT_OBJC_ISA_USAGE = YES_ERROR;
				CLANG_WARN_DOCUMENTATION_COMMENTS = YES;
				CLANG_WARN_EMPTY_BODY = YES;
				CLANG_WARN_ENUM_CONVERSION = YES;
				CLANG_WARN_INFINITE_RECURSION = YES;
				CLANG_WARN_INT_CONVERSION = YES;
				CLANG_WARN_OBJC_ROOT_CLASS = YES_ERROR;
				CLANG_WARN_SUSPICIOUS_MOVE = YES;
				CLANG_WARN_UNREACHABLE_CODE = YES;
				CLANG_WARN__DUPLICATE_METHOD_MATCH = YES;
				"CODE_SIGN_IDENTITY[sdk=iphoneos*]" = "iPhone Developer";
				COPY_PHASE_STRIP = NO;
				DEBUG_INFORMATION_FORMAT = dwarf;
				ENABLE_STRICT_OBJC_MSGSEND = YES;
				ENABLE_TESTABILITY = YES;
				GCC_C_LANGUAGE_STANDARD = gnu99;
				GCC_DYNAMIC_NO_PIC = NO;
				GCC_NO_COMMON_BLOCKS = YES;
				GCC_OPTIMIZATION_LEVEL = 0;
				GCC_PREPROCESSOR_DEFINITIONS = (
					"DEBUG=1",
					"$(inherited)",
				);
				GCC_WARN_64_TO_32_BIT_CONVERSION = YES;
				GCC_WARN_ABOUT_RETURN_TYPE = YES_ERROR;
				GCC_WARN_UNDECLARED_SELECTOR = YES;
				GCC_WARN_UNINITIALIZED_AUTOS = YES_AGGRESSIVE;
				GCC_WARN_UNUSED_FUNCTION = YES;
				GCC_WARN_UNUSED_VARIABLE = YES;
				IPHONEOS_DEPLOYMENT_TARGET = 10.2;
				MTL_ENABLE_DEBUG_INFO = YES;
				ONLY_ACTIVE_ARCH = YES;
				SDKROOT = iphoneos;
				SWIFT_ACTIVE_COMPILATION_CONDITIONS = DEBUG;
				SWIFT_OPTIMIZATION_LEVEL = "-Onone";
			};
			name = Debug;
		};
		723CD2D71E0BA03F00D3E2C8 /* Release */ = {
			isa = XCBuildConfiguration;
			buildSettings = {
				ALWAYS_SEARCH_USER_PATHS = NO;
				CLANG_ANALYZER_NONNULL = YES;
				CLANG_CXX_LANGUAGE_STANDARD = "gnu++0x";
				CLANG_CXX_LIBRARY = "libc++";
				CLANG_ENABLE_MODULES = YES;
				CLANG_ENABLE_OBJC_ARC = YES;
				CLANG_WARN_BOOL_CONVERSION = YES;
				CLANG_WARN_CONSTANT_CONVERSION = YES;
				CLANG_WARN_DIRECT_OBJC_ISA_USAGE = YES_ERROR;
				CLANG_WARN_DOCUMENTATION_COMMENTS = YES;
				CLANG_WARN_EMPTY_BODY = YES;
				CLANG_WARN_ENUM_CONVERSION = YES;
				CLANG_WARN_INFINITE_RECURSION = YES;
				CLANG_WARN_INT_CONVERSION = YES;
				CLANG_WARN_OBJC_ROOT_CLASS = YES_ERROR;
				CLANG_WARN_SUSPICIOUS_MOVE = YES;
				CLANG_WARN_UNREACHABLE_CODE = YES;
				CLANG_WARN__DUPLICATE_METHOD_MATCH = YES;
				"CODE_SIGN_IDENTITY[sdk=iphoneos*]" = "iPhone Developer";
				COPY_PHASE_STRIP = NO;
				DEBUG_INFORMATION_FORMAT = "dwarf-with-dsym";
				ENABLE_NS_ASSERTIONS = NO;
				ENABLE_STRICT_OBJC_MSGSEND = YES;
				GCC_C_LANGUAGE_STANDARD = gnu99;
				GCC_NO_COMMON_BLOCKS = YES;
				GCC_WARN_64_TO_32_BIT_CONVERSION = YES;
				GCC_WARN_ABOUT_RETURN_TYPE = YES_ERROR;
				GCC_WARN_UNDECLARED_SELECTOR = YES;
				GCC_WARN_UNINITIALIZED_AUTOS = YES_AGGRESSIVE;
				GCC_WARN_UNUSED_FUNCTION = YES;
				GCC_WARN_UNUSED_VARIABLE = YES;
				IPHONEOS_DEPLOYMENT_TARGET = 10.2;
				MTL_ENABLE_DEBUG_INFO = NO;
				SDKROOT = iphoneos;
				SWIFT_OPTIMIZATION_LEVEL = "-Owholemodule";
				VALIDATE_PRODUCT = YES;
			};
			name = Release;
		};
		723CD2D91E0BA03F00D3E2C8 /* Debug */ = {
			isa = XCBuildConfiguration;
			buildSettings = {
				ASSETCATALOG_COMPILER_APPICON_NAME = AppIcon;
				DEVELOPMENT_TEAM = 5CJ4GC88WR;
				INFOPLIST_FILE = "Jarvis-ios/Info.plist";
				LD_RUNPATH_SEARCH_PATHS = "$(inherited) @executable_path/Frameworks";
				PRODUCT_BUNDLE_IDENTIFIER = "Manvinder-Sodhi.Jarvis-ios";
				PRODUCT_NAME = "$(TARGET_NAME)";
				SWIFT_VERSION = 3.0;
			};
			name = Debug;
		};
		723CD2DA1E0BA03F00D3E2C8 /* Release */ = {
			isa = XCBuildConfiguration;
			buildSettings = {
				ASSETCATALOG_COMPILER_APPICON_NAME = AppIcon;
				DEVELOPMENT_TEAM = 5CJ4GC88WR;
				INFOPLIST_FILE = "Jarvis-ios/Info.plist";
				LD_RUNPATH_SEARCH_PATHS = "$(inherited) @executable_path/Frameworks";
				PRODUCT_BUNDLE_IDENTIFIER = "Manvinder-Sodhi.Jarvis-ios";
				PRODUCT_NAME = "$(TARGET_NAME)";
				SWIFT_VERSION = 3.0;
			};
			name = Release;
		};
/* End XCBuildConfiguration section */

/* Begin XCConfigurationList section */
		723CD2BF1E0BA03F00D3E2C8 /* Build configuration list for PBXProject "Jarvis-ios" */ = {
			isa = XCConfigurationList;
			buildConfigurations = (
				723CD2D61E0BA03F00D3E2C8 /* Debug */,
				723CD2D71E0BA03F00D3E2C8 /* Release */,
				7207DA751E0CF8960025164F /* Prod */,
			);
			defaultConfigurationIsVisible = 0;
			defaultConfigurationName = Release;
		};
		723CD2D81E0BA03F00D3E2C8 /* Build configuration list for PBXNativeTarget "Jarvis-ios" */ = {
			isa = XCConfigurationList;
			buildConfigurations = (
				723CD2D91E0BA03F00D3E2C8 /* Debug */,
				723CD2DA1E0BA03F00D3E2C8 /* Release */,
				7207DA761E0CF8960025164F /* Prod */,
			);
			defaultConfigurationIsVisible = 0;
			defaultConfigurationName = Release;
		};
/* End XCConfigurationList section */
	};
	rootObject = 723CD2BC1E0BA03F00D3E2C8 /* Project object */;
}
